// !$*UTF8*$!
{
	archiveVersion = 1;
	classes = {
	};
	objectVersion = 50;
	objects = {

/* Begin PBXBuildFile section */
		BF40FF892696A78C00E01F04 /* BattakoreyImage.swift in Sources */ = {isa = PBXBuildFile; fileRef = BF40FF882696A78C00E01F04 /* BattakoreyImage.swift */; };
		BF40FF8B2696A80B00E01F04 /* IOBattakorey.swift in Sources */ = {isa = PBXBuildFile; fileRef = BF40FF8A2696A80B00E01F04 /* IOBattakorey.swift */; };
		BF40FF8D2696B08D00E01F04 /* BattakoreyMenu.swift in Sources */ = {isa = PBXBuildFile; fileRef = BF40FF8C2696B08D00E01F04 /* BattakoreyMenu.swift */; };
		BFD857B5269402BD00E2F423 /* AppDelegate.swift in Sources */ = {isa = PBXBuildFile; fileRef = BFD857B4269402BD00E2F423 /* AppDelegate.swift */; };
		BFD857B9269402BE00E2F423 /* Assets.xcassets in Resources */ = {isa = PBXBuildFile; fileRef = BFD857B8269402BE00E2F423 /* Assets.xcassets */; };
		BFD857BC269402BE00E2F423 /* Main.storyboard in Resources */ = {isa = PBXBuildFile; fileRef = BFD857BA269402BE00E2F423 /* Main.storyboard */; };
		BFF40F022698610D00331DC0 /* TentacleImage.swift in Sources */ = {isa = PBXBuildFile; fileRef = BFF40F012698610D00331DC0 /* TentacleImage.swift */; };
		BFF40F042698613C00331DC0 /* NSBezierPathExtension.swift in Sources */ = {isa = PBXBuildFile; fileRef = BFF40F032698613C00331DC0 /* NSBezierPathExtension.swift */; };
/* End PBXBuildFile section */

/* Begin PBXFileReference section */
		BF40FF882696A78C00E01F04 /* BattakoreyImage.swift */ = {isa = PBXFileReference; lastKnownFileType = sourcecode.swift; path = BattakoreyImage.swift; sourceTree = "<group>"; };
		BF40FF8A2696A80B00E01F04 /* IOBattakorey.swift */ = {isa = PBXFileReference; lastKnownFileType = sourcecode.swift; path = IOBattakorey.swift; sourceTree = "<group>"; };
		BF40FF8C2696B08D00E01F04 /* BattakoreyMenu.swift */ = {isa = PBXFileReference; lastKnownFileType = sourcecode.swift; path = BattakoreyMenu.swift; sourceTree = "<group>"; };
		BFD857B1269402BD00E2F423 /* battakorey.app */ = {isa = PBXFileReference; explicitFileType = wrapper.application; includeInIndex = 0; path = battakorey.app; sourceTree = BUILT_PRODUCTS_DIR; };
		BFD857B4269402BD00E2F423 /* AppDelegate.swift */ = {isa = PBXFileReference; lastKnownFileType = sourcecode.swift; path = AppDelegate.swift; sourceTree = "<group>"; };
		BFD857B8269402BE00E2F423 /* Assets.xcassets */ = {isa = PBXFileReference; lastKnownFileType = folder.assetcatalog; path = Assets.xcassets; sourceTree = "<group>"; };
		BFD857BB269402BE00E2F423 /* Base */ = {isa = PBXFileReference; lastKnownFileType = file.storyboard; name = Base; path = Base.lproj/Main.storyboard; sourceTree = "<group>"; };
		BFD857BD269402BE00E2F423 /* Info.plist */ = {isa = PBXFileReference; lastKnownFileType = text.plist.xml; path = Info.plist; sourceTree = "<group>"; };
		BFD857BE269402BE00E2F423 /* battakorey.entitlements */ = {isa = PBXFileReference; lastKnownFileType = text.plist.entitlements; path = battakorey.entitlements; sourceTree = "<group>"; };
		BFF40F012698610D00331DC0 /* TentacleImage.swift */ = {isa = PBXFileReference; lastKnownFileType = sourcecode.swift; path = TentacleImage.swift; sourceTree = "<group>"; };
		BFF40F032698613C00331DC0 /* NSBezierPathExtension.swift */ = {isa = PBXFileReference; lastKnownFileType = sourcecode.swift; path = NSBezierPathExtension.swift; sourceTree = "<group>"; };
/* End PBXFileReference section */

/* Begin PBXFrameworksBuildPhase section */
		BFD857AE269402BD00E2F423 /* Frameworks */ = {
			isa = PBXFrameworksBuildPhase;
			buildActionMask = 2147483647;
			files = (
			);
			runOnlyForDeploymentPostprocessing = 0;
		};
/* End PBXFrameworksBuildPhase section */

/* Begin PBXGroup section */
		BFD857A8269402BD00E2F423 = {
			isa = PBXGroup;
			children = (
				BFD857B3269402BD00E2F423 /* battakorey */,
				BFD857B2269402BD00E2F423 /* Products */,
			);
			sourceTree = "<group>";
		};
		BFD857B2269402BD00E2F423 /* Products */ = {
			isa = PBXGroup;
			children = (
				BFD857B1269402BD00E2F423 /* battakorey.app */,
			);
			name = Products;
			sourceTree = "<group>";
		};
		BFD857B3269402BD00E2F423 /* battakorey */ = {
			isa = PBXGroup;
			children = (
				BF40FF8C2696B08D00E01F04 /* BattakoreyMenu.swift */,
				BF40FF882696A78C00E01F04 /* BattakoreyImage.swift */,
				BFF40F012698610D00331DC0 /* TentacleImage.swift */,
				BFF40F032698613C00331DC0 /* NSBezierPathExtension.swift */,
				BFD857B4269402BD00E2F423 /* AppDelegate.swift */,
				BF40FF8A2696A80B00E01F04 /* IOBattakorey.swift */,
				BFD857B8269402BE00E2F423 /* Assets.xcassets */,
				BFD857BA269402BE00E2F423 /* Main.storyboard */,
				BFD857BD269402BE00E2F423 /* Info.plist */,
				BFD857BE269402BE00E2F423 /* battakorey.entitlements */,
			);
			path = battakorey;
			sourceTree = "<group>";
		};
/* End PBXGroup section */

/* Begin PBXNativeTarget section */
		BFD857B0269402BD00E2F423 /* battakorey */ = {
			isa = PBXNativeTarget;
			buildConfigurationList = BFD857C1269402BE00E2F423 /* Build configuration list for PBXNativeTarget "battakorey" */;
			buildPhases = (
				BFD857AD269402BD00E2F423 /* Sources */,
				BFD857AE269402BD00E2F423 /* Frameworks */,
				BFD857AF269402BD00E2F423 /* Resources */,
			);
			buildRules = (
			);
			dependencies = (
			);
			name = battakorey;
			productName = battakorey;
			productReference = BFD857B1269402BD00E2F423 /* battakorey.app */;
			productType = "com.apple.product-type.application";
		};
/* End PBXNativeTarget section */

/* Begin PBXProject section */
		BFD857A9269402BD00E2F423 /* Project object */ = {
			isa = PBXProject;
			attributes = {
				LastSwiftUpdateCheck = 1250;
				LastUpgradeCheck = 1250;
				TargetAttributes = {
					BFD857B0269402BD00E2F423 = {
						CreatedOnToolsVersion = 12.5;
					};
				};
			};
			buildConfigurationList = BFD857AC269402BD00E2F423 /* Build configuration list for PBXProject "battakorey" */;
			compatibilityVersion = "Xcode 9.3";
			developmentRegion = en;
			hasScannedForEncodings = 0;
			knownRegions = (
				en,
				Base,
			);
			mainGroup = BFD857A8269402BD00E2F423;
			productRefGroup = BFD857B2269402BD00E2F423 /* Products */;
			projectDirPath = "";
			projectRoot = "";
			targets = (
				BFD857B0269402BD00E2F423 /* battakorey */,
			);
		};
/* End PBXProject section */

/* Begin PBXResourcesBuildPhase section */
		BFD857AF269402BD00E2F423 /* Resources */ = {
			isa = PBXResourcesBuildPhase;
			buildActionMask = 2147483647;
			files = (
				BFD857B9269402BE00E2F423 /* Assets.xcassets in Resources */,
				BFD857BC269402BE00E2F423 /* Main.storyboard in Resources */,
			);
			runOnlyForDeploymentPostprocessing = 0;
		};
/* End PBXResourcesBuildPhase section */

/* Begin PBXSourcesBuildPhase section */
		BFD857AD269402BD00E2F423 /* Sources */ = {
			isa = PBXSourcesBuildPhase;
			buildActionMask = 2147483647;
			files = (
				BFF40F042698613C00331DC0 /* NSBezierPathExtension.swift in Sources */,
				BFD857B5269402BD00E2F423 /* AppDelegate.swift in Sources */,
				BF40FF892696A78C00E01F04 /* BattakoreyImage.swift in Sources */,
				BF40FF8D2696B08D00E01F04 /* BattakoreyMenu.swift in Sources */,
				BF40FF8B2696A80B00E01F04 /* IOBattakorey.swift in Sources */,
				BFF40F022698610D00331DC0 /* TentacleImage.swift in Sources */,
			);
			runOnlyForDeploymentPostprocessing = 0;
		};
/* End PBXSourcesBuildPhase section */

/* Begin PBXVariantGroup section */
		BFD857BA269402BE00E2F423 /* Main.storyboard */ = {
			isa = PBXVariantGroup;
			children = (
				BFD857BB269402BE00E2F423 /* Base */,
			);
			name = Main.storyboard;
			sourceTree = "<group>";
		};
/* End PBXVariantGroup section */

/* Begin XCBuildConfiguration section */
		BFD857BF269402BE00E2F423 /* Debug */ = {
			isa = XCBuildConfiguration;
			buildSettings = {
				ALWAYS_SEARCH_USER_PATHS = NO;
				CLANG_ANALYZER_NONNULL = YES;
				CLANG_ANALYZER_NUMBER_OBJECT_CONVERSION = YES_AGGRESSIVE;
				CLANG_CXX_LANGUAGE_STANDARD = "gnu++14";
				CLANG_CXX_LIBRARY = "libc++";
				CLANG_ENABLE_MODULES = YES;
				CLANG_ENABLE_OBJC_ARC = YES;
				CLANG_ENABLE_OBJC_WEAK = YES;
				CLANG_WARN_BLOCK_CAPTURE_AUTORELEASING = YES;
				CLANG_WARN_BOOL_CONVERSION = YES;
				CLANG_WARN_COMMA = YES;
				CLANG_WARN_CONSTANT_CONVERSION = YES;
				CLANG_WARN_DEPRECATED_OBJC_IMPLEMENTATIONS = YES;
				CLANG_WARN_DIRECT_OBJC_ISA_USAGE = YES_ERROR;
				CLANG_WARN_DOCUMENTATION_COMMENTS = YES;
				CLANG_WARN_EMPTY_BODY = YES;
				CLANG_WARN_ENUM_CONVERSION = YES;
				CLANG_WARN_INFINITE_RECURSION = YES;
				CLANG_WARN_INT_CONVERSION = YES;
				CLANG_WARN_NON_LITERAL_NULL_CONVERSION = YES;
				CLANG_WARN_OBJC_IMPLICIT_RETAIN_SELF = YES;
				CLANG_WARN_OBJC_LITERAL_CONVERSION = YES;
				CLANG_WARN_OBJC_ROOT_CLASS = YES_ERROR;
				CLANG_WARN_QUOTED_INCLUDE_IN_FRAMEWORK_HEADER = YES;
				CLANG_WARN_RANGE_LOOP_ANALYSIS = YES;
				CLANG_WARN_STRICT_PROTOTYPES = YES;
				CLANG_WARN_SUSPICIOUS_MOVE = YES;
				CLANG_WARN_UNGUARDED_AVAILABILITY = YES_AGGRESSIVE;
				CLANG_WARN_UNREACHABLE_CODE = YES;
				CLANG_WARN__DUPLICATE_METHOD_MATCH = YES;
				COPY_PHASE_STRIP = NO;
				DEBUG_INFORMATION_FORMAT = dwarf;
				ENABLE_STRICT_OBJC_MSGSEND = YES;
				ENABLE_TESTABILITY = YES;
				GCC_C_LANGUAGE_STANDARD = gnu11;
				GCC_DYNAMIC_NO_PIC = NO;
				GCC_NO_COMMON_BLOCKS = YES;
				GCC_OPTIMIZATION_LEVEL = 0;
				GCC_PREPROCESSOR_DEFINITIONS = (
					"DEBUG=1",
					"$(inherited)",
				);
				GCC_WARN_64_TO_32_BIT_CONVERSION = YES;
				GCC_WARN_ABOUT_RETURN_TYPE = YES_ERROR;
				GCC_WARN_UNDECLARED_SELECTOR = YES;
				GCC_WARN_UNINITIALIZED_AUTOS = YES_AGGRESSIVE;
				GCC_WARN_UNUSED_FUNCTION = YES;
				GCC_WARN_UNUSED_VARIABLE = YES;
				MACOSX_DEPLOYMENT_TARGET = 11.3;
				MTL_ENABLE_DEBUG_INFO = INCLUDE_SOURCE;
				MTL_FAST_MATH = YES;
				ONLY_ACTIVE_ARCH = YES;
				SDKROOT = macosx;
				SWIFT_ACTIVE_COMPILATION_CONDITIONS = DEBUG;
				SWIFT_OPTIMIZATION_LEVEL = "-Onone";
			};
			name = Debug;
		};
		BFD857C0269402BE00E2F423 /* Release */ = {
			isa = XCBuildConfiguration;
			buildSettings = {
				ALWAYS_SEARCH_USER_PATHS = NO;
				CLANG_ANALYZER_NONNULL = YES;
				CLANG_ANALYZER_NUMBER_OBJECT_CONVERSION = YES_AGGRESSIVE;
				CLANG_CXX_LANGUAGE_STANDARD = "gnu++14";
				CLANG_CXX_LIBRARY = "libc++";
				CLANG_ENABLE_MODULES = YES;
				CLANG_ENABLE_OBJC_ARC = YES;
				CLANG_ENABLE_OBJC_WEAK = YES;
				CLANG_WARN_BLOCK_CAPTURE_AUTORELEASING = YES;
				CLANG_WARN_BOOL_CONVERSION = YES;
				CLANG_WARN_COMMA = YES;
				CLANG_WARN_CONSTANT_CONVERSION = YES;
				CLANG_WARN_DEPRECATED_OBJC_IMPLEMENTATIONS = YES;
				CLANG_WARN_DIRECT_OBJC_ISA_USAGE = YES_ERROR;
				CLANG_WARN_DOCUMENTATION_COMMENTS = YES;
				CLANG_WARN_EMPTY_BODY = YES;
				CLANG_WARN_ENUM_CONVERSION = YES;
				CLANG_WARN_INFINITE_RECURSION = YES;
				CLANG_WARN_INT_CONVERSION = YES;
				CLANG_WARN_NON_LITERAL_NULL_CONVERSION = YES;
				CLANG_WARN_OBJC_IMPLICIT_RETAIN_SELF = YES;
				CLANG_WARN_OBJC_LITERAL_CONVERSION = YES;
				CLANG_WARN_OBJC_ROOT_CLASS = YES_ERROR;
				CLANG_WARN_QUOTED_INCLUDE_IN_FRAMEWORK_HEADER = YES;
				CLANG_WARN_RANGE_LOOP_ANALYSIS = YES;
				CLANG_WARN_STRICT_PROTOTYPES = YES;
				CLANG_WARN_SUSPICIOUS_MOVE = YES;
				CLANG_WARN_UNGUARDED_AVAILABILITY = YES_AGGRESSIVE;
				CLANG_WARN_UNREACHABLE_CODE = YES;
				CLANG_WARN__DUPLICATE_METHOD_MATCH = YES;
				COPY_PHASE_STRIP = NO;
				DEBUG_INFORMATION_FORMAT = "dwarf-with-dsym";
				ENABLE_NS_ASSERTIONS = NO;
				ENABLE_STRICT_OBJC_MSGSEND = YES;
				GCC_C_LANGUAGE_STANDARD = gnu11;
				GCC_NO_COMMON_BLOCKS = YES;
				GCC_WARN_64_TO_32_BIT_CONVERSION = YES;
				GCC_WARN_ABOUT_RETURN_TYPE = YES_ERROR;
				GCC_WARN_UNDECLARED_SELECTOR = YES;
				GCC_WARN_UNINITIALIZED_AUTOS = YES_AGGRESSIVE;
				GCC_WARN_UNUSED_FUNCTION = YES;
				GCC_WARN_UNUSED_VARIABLE = YES;
				MACOSX_DEPLOYMENT_TARGET = 11.3;
				MTL_ENABLE_DEBUG_INFO = NO;
				MTL_FAST_MATH = YES;
				SDKROOT = macosx;
				SWIFT_COMPILATION_MODE = wholemodule;
				SWIFT_OPTIMIZATION_LEVEL = "-O";
			};
			name = Release;
		};
		BFD857C2269402BE00E2F423 /* Debug */ = {
			isa = XCBuildConfiguration;
			buildSettings = {
				ASSETCATALOG_COMPILER_APPICON_NAME = AppIcon;
				ASSETCATALOG_COMPILER_GLOBAL_ACCENT_COLOR_NAME = AccentColor;
				CODE_SIGN_ENTITLEMENTS = battakorey/battakorey.entitlements;
				CODE_SIGN_IDENTITY = "-";
				CODE_SIGN_STYLE = Automatic;
				COMBINE_HIDPI_IMAGES = YES;
				CURRENT_PROJECT_VERSION = 42;
				DEVELOPMENT_TEAM = V2WV7J99MS;
				ENABLE_HARDENED_RUNTIME = YES;
				INFOPLIST_FILE = battakorey/Info.plist;
				INFOPLIST_KEY_CFBundleDisplayName = Battakorey;
				INFOPLIST_KEY_LSApplicationCategoryType = "public.app-category.utilities";
				LD_RUNPATH_SEARCH_PATHS = (
					"$(inherited)",
					"@executable_path/../Frameworks",
				);
				MARKETING_VERSION = 1.0.1;
				PRODUCT_BUNDLE_IDENTIFIER = moe.uwucocoa.battakorey;
				PRODUCT_NAME = "$(TARGET_NAME)";
				SWIFT_VERSION = 5.0;
			};
			name = Debug;
		};
		BFD857C3269402BE00E2F423 /* Release */ = {
			isa = XCBuildConfiguration;
			buildSettings = {
				ASSETCATALOG_COMPILER_APPICON_NAME = AppIcon;
				ASSETCATALOG_COMPILER_GLOBAL_ACCENT_COLOR_NAME = AccentColor;
				CODE_SIGN_ENTITLEMENTS = battakorey/battakorey.entitlements;
				CODE_SIGN_IDENTITY = "Apple Development";
				CODE_SIGN_STYLE = Automatic;
				COMBINE_HIDPI_IMAGES = YES;
				CURRENT_PROJECT_VERSION = 42;
				DEVELOPMENT_TEAM = V2WV7J99MS;
				ENABLE_HARDENED_RUNTIME = YES;
				INFOPLIST_FILE = battakorey/Info.plist;
				INFOPLIST_KEY_CFBundleDisplayName = Battakorey;
				INFOPLIST_KEY_LSApplicationCategoryType = "public.app-category.utilities";
				LD_RUNPATH_SEARCH_PATHS = (
					"$(inherited)",
					"@executable_path/../Frameworks",
				);
				MARKETING_VERSION = 1.0.1;
				PRODUCT_BUNDLE_IDENTIFIER = moe.uwucocoa.battakorey;
				PRODUCT_NAME = "$(TARGET_NAME)";
				SWIFT_VERSION = 5.0;
			};
			name = Release;
		};
/* End XCBuildConfiguration section */

/* Begin XCConfigurationList section */
		BFD857AC269402BD00E2F423 /* Build configuration list for PBXProject "battakorey" */ = {
			isa = XCConfigurationList;
			buildConfigurations = (
				BFD857BF269402BE00E2F423 /* Debug */,
				BFD857C0269402BE00E2F423 /* Release */,
			);
			defaultConfigurationIsVisible = 0;
			defaultConfigurationName = Release;
		};
		BFD857C1269402BE00E2F423 /* Build configuration list for PBXNativeTarget "battakorey" */ = {
			isa = XCConfigurationList;
			buildConfigurations = (
				BFD857C2269402BE00E2F423 /* Debug */,
				BFD857C3269402BE00E2F423 /* Release */,
			);
			defaultConfigurationIsVisible = 0;
			defaultConfigurationName = Release;
		};
/* End XCConfigurationList section */
	};
	rootObject = BFD857A9269402BD00E2F423 /* Project object */;
}
