// !$*UTF8*$!
{
	archiveVersion = 1;
	classes = {
	};
	objectVersion = 50;
	objects = {

/* Begin PBXBuildFile section */
		C00100000000000000000002 /* BatterySnapshot.swift in Sources */ = {isa = PBXBuildFile; fileRef = C00100000000000000000001 /* BatterySnapshot.swift */; };
		C00100000000000000000004 /* BatteryMenuPresenter.swift in Sources */ = {isa = PBXBuildFile; fileRef = C00100000000000000000003 /* BatteryMenuPresenter.swift */; };
		C00100000000000000000006 /* SMCPowerReader.swift in Sources */ = {isa = PBXBuildFile; fileRef = C00100000000000000000005 /* SMCPowerReader.swift */; };
		C00200000000000000000011 /* BatterySnapshotTests.swift in Sources */ = {isa = PBXBuildFile; fileRef = C00200000000000000000001 /* BatterySnapshotTests.swift */; };
		C00200000000000000000012 /* BatteryMenuPresenterTests.swift in Sources */ = {isa = PBXBuildFile; fileRef = C00200000000000000000002 /* BatteryMenuPresenterTests.swift */; };
		C00200000000000000000013 /* MockBatteryData.swift in Sources */ = {isa = PBXBuildFile; fileRef = C00200000000000000000003 /* MockBatteryData.swift */; };
		C00200000000000000000014 /* SMCPowerReaderTests.swift in Sources */ = {isa = PBXBuildFile; fileRef = C00200000000000000000004 /* SMCPowerReaderTests.swift */; };
		C00300000000000000000002 /* BatteryMenuPreferences.swift in Sources */ = {isa = PBXBuildFile; fileRef = C00300000000000000000001 /* BatteryMenuPreferences.swift */; };
		C00300000000000000000004 /* BattakoreyPreferencesView.swift in Sources */ = {isa = PBXBuildFile; fileRef = C00300000000000000000003 /* BattakoreyPreferencesView.swift */; };
		C00300000000000000000012 /* BatteryMenuPreferencesTests.swift in Sources */ = {isa = PBXBuildFile; fileRef = C00300000000000000000011 /* BatteryMenuPreferencesTests.swift */; };
		C00400000000000000000002 /* FlowingDaySettings in Frameworks */ = {isa = PBXBuildFile; productRef = C00400000000000000000001 /* FlowingDaySettings */; };
		C00500000000000000000002 /* IOReportPowerReader.swift in Sources */ = {isa = PBXBuildFile; fileRef = C00500000000000000000001 /* IOReportPowerReader.swift */; };
		C00500000000000000000012 /* IOReportPowerReaderTests.swift in Sources */ = {isa = PBXBuildFile; fileRef = C00500000000000000000011 /* IOReportPowerReaderTests.swift */; };
		BF40FF892696A78C00E01F04 /* BattakoreyImage.swift in Sources */ = {isa = PBXBuildFile; fileRef = BF40FF882696A78C00E01F04 /* BattakoreyImage.swift */; };
		BF40FF8B2696A80B00E01F04 /* IOBattakorey.swift in Sources */ = {isa = PBXBuildFile; fileRef = BF40FF8A2696A80B00E01F04 /* IOBattakorey.swift */; };
		BF40FF8D2696B08D00E01F04 /* BattakoreyMenu.swift in Sources */ = {isa = PBXBuildFile; fileRef = BF40FF8C2696B08D00E01F04 /* BattakoreyMenu.swift */; };
		BFD857B5269402BD00E2F423 /* AppDelegate.swift in Sources */ = {isa = PBXBuildFile; fileRef = BFD857B4269402BD00E2F423 /* AppDelegate.swift */; };
		BFD857B9269402BE00E2F423 /* Assets.xcassets in Resources */ = {isa = PBXBuildFile; fileRef = BFD857B8269402BE00E2F423 /* Assets.xcassets */; };
		BFD857BC269402BE00E2F423 /* Main.storyboard in Resources */ = {isa = PBXBuildFile; fileRef = BFD857BA269402BE00E2F423 /* Main.storyboard */; };
		BFF40F022698610D00331DC0 /* TentacleImage.swift in Sources */ = {isa = PBXBuildFile; fileRef = BFF40F012698610D00331DC0 /* TentacleImage.swift */; };
		BFF40F042698613C00331DC0 /* NSBezierPathExtension.swift in Sources */ = {isa = PBXBuildFile; fileRef = BFF40F032698613C00331DC0 /* NSBezierPathExtension.swift */; };
/* End PBXBuildFile section */

/* Begin PBXContainerItemProxy section */
		C00200000000000000000040 /* PBXContainerItemProxy */ = {
			isa = PBXContainerItemProxy;
			containerPortal = BFD857A9269402BD00E2F423 /* Project object */;
			proxyType = 1;
			remoteGlobalIDString = BFD857B0269402BD00E2F423;
			remoteInfo = battakorey;
		};
/* End PBXContainerItemProxy section */

/* Begin PBXFileReference section */
		C00100000000000000000001 /* BatterySnapshot.swift */ = {isa = PBXFileReference; lastKnownFileType = sourcecode.swift; path = BatterySnapshot.swift; sourceTree = "<group>"; };
		C00100000000000000000003 /* BatteryMenuPresenter.swift */ = {isa = PBXFileReference; lastKnownFileType = sourcecode.swift; path = BatteryMenuPresenter.swift; sourceTree = "<group>"; };
		C00100000000000000000005 /* SMCPowerReader.swift */ = {isa = PBXFileReference; lastKnownFileType = sourcecode.swift; path = SMCPowerReader.swift; sourceTree = "<group>"; };
		C00200000000000000000001 /* BatterySnapshotTests.swift */ = {isa = PBXFileReference; lastKnownFileType = sourcecode.swift; path = BatterySnapshotTests.swift; sourceTree = "<group>"; };
		C00200000000000000000002 /* BatteryMenuPresenterTests.swift */ = {isa = PBXFileReference; lastKnownFileType = sourcecode.swift; path = BatteryMenuPresenterTests.swift; sourceTree = "<group>"; };
		C00200000000000000000003 /* MockBatteryData.swift */ = {isa = PBXFileReference; lastKnownFileType = sourcecode.swift; path = MockBatteryData.swift; sourceTree = "<group>"; };
		C00200000000000000000004 /* SMCPowerReaderTests.swift */ = {isa = PBXFileReference; lastKnownFileType = sourcecode.swift; path = SMCPowerReaderTests.swift; sourceTree = "<group>"; };
		C00200000000000000000005 /* battakoreyTests.xctest */ = {isa = PBXFileReference; explicitFileType = wrapper.cfbundle; includeInIndex = 0; path = battakoreyTests.xctest; sourceTree = BUILT_PRODUCTS_DIR; };
		C00300000000000000000001 /* BatteryMenuPreferences.swift */ = {isa = PBXFileReference; lastKnownFileType = sourcecode.swift; path = BatteryMenuPreferences.swift; sourceTree = "<group>"; };
		C00300000000000000000003 /* BattakoreyPreferencesView.swift */ = {isa = PBXFileReference; lastKnownFileType = sourcecode.swift; path = BattakoreyPreferencesView.swift; sourceTree = "<group>"; };
		C00300000000000000000011 /* BatteryMenuPreferencesTests.swift */ = {isa = PBXFileReference; lastKnownFileType = sourcecode.swift; path = BatteryMenuPreferencesTests.swift; sourceTree = "<group>"; };
		C00500000000000000000001 /* IOReportPowerReader.swift */ = {isa = PBXFileReference; lastKnownFileType = sourcecode.swift; path = IOReportPowerReader.swift; sourceTree = "<group>"; };
		C00500000000000000000011 /* IOReportPowerReaderTests.swift */ = {isa = PBXFileReference; lastKnownFileType = sourcecode.swift; path = IOReportPowerReaderTests.swift; sourceTree = "<group>"; };
		BF40FF882696A78C00E01F04 /* BattakoreyImage.swift */ = {isa = PBXFileReference; lastKnownFileType = sourcecode.swift; path = BattakoreyImage.swift; sourceTree = "<group>"; };
		BF40FF8A2696A80B00E01F04 /* IOBattakorey.swift */ = {isa = PBXFileReference; lastKnownFileType = sourcecode.swift; path = IOBattakorey.swift; sourceTree = "<group>"; };
		BF40FF8C2696B08D00E01F04 /* BattakoreyMenu.swift */ = {isa = PBXFileReference; lastKnownFileType = sourcecode.swift; path = BattakoreyMenu.swift; sourceTree = "<group>"; };
		BFD857B1269402BD00E2F423 /* battakorey.app */ = {isa = PBXFileReference; explicitFileType = wrapper.application; includeInIndex = 0; path = battakorey.app; sourceTree = BUILT_PRODUCTS_DIR; };
		BFD857B4269402BD00E2F423 /* AppDelegate.swift */ = {isa = PBXFileReference; lastKnownFileType = sourcecode.swift; path = AppDelegate.swift; sourceTree = "<group>"; };
		BFD857B8269402BE00E2F423 /* Assets.xcassets */ = {isa = PBXFileReference; lastKnownFileType = folder.assetcatalog; path = Assets.xcassets; sourceTree = "<group>"; };
		BFD857BB269402BE00E2F423 /* Base */ = {isa = PBXFileReference; lastKnownFileType = file.storyboard; name = Base; path = Base.lproj/Main.storyboard; sourceTree = "<group>"; };
		BFD857BD269402BE00E2F423 /* Info.plist */ = {isa = PBXFileReference; lastKnownFileType = text.plist.xml; path = Info.plist; sourceTree = "<group>"; };
		BFD857BE269402BE00E2F423 /* battakorey.entitlements */ = {isa = PBXFileReference; lastKnownFileType = text.plist.entitlements; path = battakorey.entitlements; sourceTree = "<group>"; };
		BFF40F012698610D00331DC0 /* TentacleImage.swift */ = {isa = PBXFileReference; lastKnownFileType = sourcecode.swift; path = TentacleImage.swift; sourceTree = "<group>"; };
		BFF40F032698613C00331DC0 /* NSBezierPathExtension.swift */ = {isa = PBXFileReference; lastKnownFileType = sourcecode.swift; path = NSBezierPathExtension.swift; sourceTree = "<group>"; };
/* End PBXFileReference section */

/* Begin PBXFrameworksBuildPhase section */
		C00200000000000000000022 /* Frameworks */ = {
			isa = PBXFrameworksBuildPhase;
			buildActionMask = 2147483647;
			files = (
			);
			runOnlyForDeploymentPostprocessing = 0;
		};
		BFD857AE269402BD00E2F423 /* Frameworks */ = {
			isa = PBXFrameworksBuildPhase;
			buildActionMask = 2147483647;
			files = (
				C00400000000000000000002 /* FlowingDaySettings in Frameworks */,
			);
			runOnlyForDeploymentPostprocessing = 0;
		};
/* End PBXFrameworksBuildPhase section */

/* Begin PBXGroup section */
		BFD857A8269402BD00E2F423 = {
			isa = PBXGroup;
			children = (
				BFD857B3269402BD00E2F423 /* battakorey */,
				C00200000000000000000050 /* battakoreyTests */,
				BFD857B2269402BD00E2F423 /* Products */,
			);
			sourceTree = "<group>";
		};
		BFD857B2269402BD00E2F423 /* Products */ = {
			isa = PBXGroup;
			children = (
				BFD857B1269402BD00E2F423 /* battakorey.app */,
				C00200000000000000000005 /* battakoreyTests.xctest */,
			);
			name = Products;
			sourceTree = "<group>";
		};
		BFD857B3269402BD00E2F423 /* battakorey */ = {
			isa = PBXGroup;
			children = (
				C00100000000000000000001 /* BatterySnapshot.swift */,
				C00100000000000000000003 /* BatteryMenuPresenter.swift */,
				C00300000000000000000001 /* BatteryMenuPreferences.swift */,
				C00100000000000000000005 /* SMCPowerReader.swift */,
				C00500000000000000000001 /* IOReportPowerReader.swift */,
				BF40FF8C2696B08D00E01F04 /* BattakoreyMenu.swift */,
				C00300000000000000000003 /* BattakoreyPreferencesView.swift */,
				BF40FF882696A78C00E01F04 /* BattakoreyImage.swift */,
				BFF40F012698610D00331DC0 /* TentacleImage.swift */,
				BFF40F032698613C00331DC0 /* NSBezierPathExtension.swift */,
				BFD857B4269402BD00E2F423 /* AppDelegate.swift */,
				BF40FF8A2696A80B00E01F04 /* IOBattakorey.swift */,
				BFD857B8269402BE00E2F423 /* Assets.xcassets */,
				BFD857BA269402BE00E2F423 /* Main.storyboard */,
				BFD857BD269402BE00E2F423 /* Info.plist */,
				BFD857BE269402BE00E2F423 /* battakorey.entitlements */,
			);
			path = battakorey;
			sourceTree = "<group>";
		};
		C00200000000000000000050 /* battakoreyTests */ = {
			isa = PBXGroup;
			children = (
				C00200000000000000000001 /* BatterySnapshotTests.swift */,
				C00200000000000000000002 /* BatteryMenuPresenterTests.swift */,
				C00200000000000000000003 /* MockBatteryData.swift */,
				C00200000000000000000004 /* SMCPowerReaderTests.swift */,
				C00300000000000000000011 /* BatteryMenuPreferencesTests.swift */,
				C00500000000000000000011 /* IOReportPowerReaderTests.swift */,
			);
			path = battakoreyTests;
			sourceTree = "<group>";
		};
/* End PBXGroup section */

/* Begin PBXNativeTarget section */
		C00200000000000000000030 /* battakoreyTests */ = {
			isa = PBXNativeTarget;
			buildConfigurationList = C00200000000000000000031 /* Build configuration list for PBXNativeTarget "battakoreyTests" */;
			buildPhases = (
				C00200000000000000000021 /* Sources */,
				C00200000000000000000022 /* Frameworks */,
				C00200000000000000000023 /* Resources */,
			);
			buildRules = (
			);
			dependencies = (
				C00200000000000000000041 /* PBXTargetDependency */,
			);
			name = battakoreyTests;
			productName = battakoreyTests;
			productReference = C00200000000000000000005 /* battakoreyTests.xctest */;
			productType = "com.apple.product-type.bundle.unit-test";
		};
		BFD857B0269402BD00E2F423 /* battakorey */ = {
			isa = PBXNativeTarget;
			buildConfigurationList = BFD857C1269402BE00E2F423 /* Build configuration list for PBXNativeTarget "battakorey" */;
			buildPhases = (
				BFD857AD269402BD00E2F423 /* Sources */,
				BFD857AE269402BD00E2F423 /* Frameworks */,
				BFD857AF269402BD00E2F423 /* Resources */,
			);
			buildRules = (
			);
			dependencies = (
			);
			name = battakorey;
			packageProductDependencies = (
				C00400000000000000000001 /* FlowingDaySettings */,
			);
			productName = battakorey;
			productReference = BFD857B1269402BD00E2F423 /* battakorey.app */;
			productType = "com.apple.product-type.application";
		};
/* End PBXNativeTarget section */

/* Begin PBXProject section */
		BFD857A9269402BD00E2F423 /* Project object */ = {
			isa = PBXProject;
			attributes = {
				LastSwiftUpdateCheck = 1250;
				LastUpgradeCheck = 1250;
				TargetAttributes = {
					C00200000000000000000030 = {
						CreatedOnToolsVersion = 16.1;
						TestTargetID = BFD857B0269402BD00E2F423;
					};
					BFD857B0269402BD00E2F423 = {
						CreatedOnToolsVersion = 12.5;
					};
				};
			};
			buildConfigurationList = BFD857AC269402BD00E2F423 /* Build configuration list for PBXProject "battakorey" */;
			compatibilityVersion = "Xcode 9.3";
			developmentRegion = en;
			hasScannedForEncodings = 0;
			knownRegions = (
				en,
				Base,
			);
			mainGroup = BFD857A8269402BD00E2F423;
			packageReferences = (
				C00400000000000000000003 /* XCRemoteSwiftPackageReference "flowing-day-ui" */,
			);
			productRefGroup = BFD857B2269402BD00E2F423 /* Products */;
			projectDirPath = "";
			projectRoot = "";
			targets = (
				BFD857B0269402BD00E2F423 /* battakorey */,
				C00200000000000000000030 /* battakoreyTests */,
			);
		};
/* End PBXProject section */

/* Begin PBXResourcesBuildPhase section */
		C00200000000000000000023 /* Resources */ = {
			isa = PBXResourcesBuildPhase;
			buildActionMask = 2147483647;
			files = (
			);
			runOnlyForDeploymentPostprocessing = 0;
		};
		BFD857AF269402BD00E2F423 /* Resources */ = {
			isa = PBXResourcesBuildPhase;
			buildActionMask = 2147483647;
			files = (
				BFD857B9269402BE00E2F423 /* Assets.xcassets in Resources */,
				BFD857BC269402BE00E2F423 /* Main.storyboard in Resources */,
			);
			runOnlyForDeploymentPostprocessing = 0;
		};
/* End PBXResourcesBuildPhase section */

/* Begin PBXSourcesBuildPhase section */
		C00200000000000000000021 /* Sources */ = {
			isa = PBXSourcesBuildPhase;
			buildActionMask = 2147483647;
			files = (
				C00200000000000000000011 /* BatterySnapshotTests.swift in Sources */,
				C00200000000000000000012 /* BatteryMenuPresenterTests.swift in Sources */,
				C00200000000000000000013 /* MockBatteryData.swift in Sources */,
				C00200000000000000000014 /* SMCPowerReaderTests.swift in Sources */,
				C00300000000000000000012 /* BatteryMenuPreferencesTests.swift in Sources */,
				C00500000000000000000012 /* IOReportPowerReaderTests.swift in Sources */,
			);
			runOnlyForDeploymentPostprocessing = 0;
		};
		BFD857AD269402BD00E2F423 /* Sources */ = {
			isa = PBXSourcesBuildPhase;
			buildActionMask = 2147483647;
			files = (
				C00100000000000000000002 /* BatterySnapshot.swift in Sources */,
				C00100000000000000000004 /* BatteryMenuPresenter.swift in Sources */,
				C00300000000000000000002 /* BatteryMenuPreferences.swift in Sources */,
				C00100000000000000000006 /* SMCPowerReader.swift in Sources */,
				C00500000000000000000002 /* IOReportPowerReader.swift in Sources */,
				BFF40F042698613C00331DC0 /* NSBezierPathExtension.swift in Sources */,
				BFD857B5269402BD00E2F423 /* AppDelegate.swift in Sources */,
				BF40FF892696A78C00E01F04 /* BattakoreyImage.swift in Sources */,
				BF40FF8D2696B08D00E01F04 /* BattakoreyMenu.swift in Sources */,
				C00300000000000000000004 /* BattakoreyPreferencesView.swift in Sources */,
				BF40FF8B2696A80B00E01F04 /* IOBattakorey.swift in Sources */,
				BFF40F022698610D00331DC0 /* TentacleImage.swift in Sources */,
			);
			runOnlyForDeploymentPostprocessing = 0;
		};
/* End PBXSourcesBuildPhase section */

/* Begin PBXTargetDependency section */
		C00200000000000000000041 /* PBXTargetDependency */ = {
			isa = PBXTargetDependency;
			target = BFD857B0269402BD00E2F423 /* battakorey */;
			targetProxy = C00200000000000000000040 /* PBXContainerItemProxy */;
		};
/* End PBXTargetDependency section */

/* Begin PBXVariantGroup section */
		BFD857BA269402BE00E2F423 /* Main.storyboard */ = {
			isa = PBXVariantGroup;
			children = (
				BFD857BB269402BE00E2F423 /* Base */,
			);
			name = Main.storyboard;
			sourceTree = "<group>";
		};
/* End PBXVariantGroup section */

/* Begin XCBuildConfiguration section */
		C00200000000000000000032 /* Debug */ = {
			isa = XCBuildConfiguration;
			buildSettings = {
				BUNDLE_LOADER = "$(TEST_HOST)";
				CODE_SIGN_STYLE = Automatic;
				CURRENT_PROJECT_VERSION = 1;
				GENERATE_INFOPLIST_FILE = YES;
				LD_RUNPATH_SEARCH_PATHS = (
					"$(inherited)",
					"@executable_path/../Frameworks",
					"@loader_path/../Frameworks",
				);
				PRODUCT_BUNDLE_IDENTIFIER = moe.uwucocoa.battakoreyTests;
				PRODUCT_NAME = "$(TARGET_NAME)";
				SWIFT_ACTIVE_COMPILATION_CONDITIONS = DEBUG;
				SWIFT_VERSION = 5.0;
				TEST_HOST = "$(BUILT_PRODUCTS_DIR)/battakorey.app/Contents/MacOS/battakorey";
			};
			name = Debug;
		};
		C00200000000000000000033 /* Release */ = {
			isa = XCBuildConfiguration;
			buildSettings = {
				BUNDLE_LOADER = "$(TEST_HOST)";
				CODE_SIGN_STYLE = Automatic;
				CURRENT_PROJECT_VERSION = 1;
				GENERATE_INFOPLIST_FILE = YES;
				LD_RUNPATH_SEARCH_PATHS = (
					"$(inherited)",
					"@executable_path/../Frameworks",
					"@loader_path/../Frameworks",
				);
				PRODUCT_BUNDLE_IDENTIFIER = moe.uwucocoa.battakoreyTests;
				PRODUCT_NAME = "$(TARGET_NAME)";
				SWIFT_VERSION = 5.0;
				TEST_HOST = "$(BUILT_PRODUCTS_DIR)/battakorey.app/Contents/MacOS/battakorey";
			};
			name = Release;
		};
		BFD857BF269402BE00E2F423 /* Debug */ = {
			isa = XCBuildConfiguration;
			buildSettings = {
				ALWAYS_SEARCH_USER_PATHS = NO;
				CLANG_ANALYZER_NONNULL = YES;
				CLANG_ANALYZER_NUMBER_OBJECT_CONVERSION = YES_AGGRESSIVE;
				CLANG_CXX_LANGUAGE_STANDARD = "gnu++14";
				CLANG_CXX_LIBRARY = "libc++";
				CLANG_ENABLE_MODULES = YES;
				CLANG_ENABLE_OBJC_ARC = YES;
				CLANG_ENABLE_OBJC_WEAK = YES;
				CLANG_WARN_BLOCK_CAPTURE_AUTORELEASING = YES;
				CLANG_WARN_BOOL_CONVERSION = YES;
				CLANG_WARN_COMMA = YES;
				CLANG_WARN_CONSTANT_CONVERSION = YES;
				CLANG_WARN_DEPRECATED_OBJC_IMPLEMENTATIONS = YES;
				CLANG_WARN_DIRECT_OBJC_ISA_USAGE = YES_ERROR;
				CLANG_WARN_DOCUMENTATION_COMMENTS = YES;
				CLANG_WARN_EMPTY_BODY = YES;
				CLANG_WARN_ENUM_CONVERSION = YES;
				CLANG_WARN_INFINITE_RECURSION = YES;
				CLANG_WARN_INT_CONVERSION = YES;
				CLANG_WARN_NON_LITERAL_NULL_CONVERSION = YES;
				CLANG_WARN_OBJC_IMPLICIT_RETAIN_SELF = YES;
				CLANG_WARN_OBJC_LITERAL_CONVERSION = YES;
				CLANG_WARN_OBJC_ROOT_CLASS = YES_ERROR;
				CLANG_WARN_QUOTED_INCLUDE_IN_FRAMEWORK_HEADER = YES;
				CLANG_WARN_RANGE_LOOP_ANALYSIS = YES;
				CLANG_WARN_STRICT_PROTOTYPES = YES;
				CLANG_WARN_SUSPICIOUS_MOVE = YES;
				CLANG_WARN_UNGUARDED_AVAILABILITY = YES_AGGRESSIVE;
				CLANG_WARN_UNREACHABLE_CODE = YES;
				CLANG_WARN__DUPLICATE_METHOD_MATCH = YES;
				COPY_PHASE_STRIP = NO;
				DEBUG_INFORMATION_FORMAT = dwarf;
				ENABLE_STRICT_OBJC_MSGSEND = YES;
				ENABLE_TESTABILITY = YES;
				GCC_C_LANGUAGE_STANDARD = gnu11;
				GCC_DYNAMIC_NO_PIC = NO;
				GCC_NO_COMMON_BLOCKS = YES;
				GCC_OPTIMIZATION_LEVEL = 0;
				GCC_PREPROCESSOR_DEFINITIONS = (
					"DEBUG=1",
					"$(inherited)",
				);
				GCC_WARN_64_TO_32_BIT_CONVERSION = YES;
				GCC_WARN_ABOUT_RETURN_TYPE = YES_ERROR;
				GCC_WARN_UNDECLARED_SELECTOR = YES;
				GCC_WARN_UNINITIALIZED_AUTOS = YES_AGGRESSIVE;
				GCC_WARN_UNUSED_FUNCTION = YES;
				GCC_WARN_UNUSED_VARIABLE = YES;
				MACOSX_DEPLOYMENT_TARGET = 13.0;
				MTL_ENABLE_DEBUG_INFO = INCLUDE_SOURCE;
				MTL_FAST_MATH = YES;
				ONLY_ACTIVE_ARCH = YES;
				SDKROOT = macosx;
				SWIFT_ACTIVE_COMPILATION_CONDITIONS = DEBUG;
				SWIFT_OPTIMIZATION_LEVEL = "-Onone";
			};
			name = Debug;
		};
		BFD857C0269402BE00E2F423 /* Release */ = {
			isa = XCBuildConfiguration;
			buildSettings = {
				ALWAYS_SEARCH_USER_PATHS = NO;
				CLANG_ANALYZER_NONNULL = YES;
				CLANG_ANALYZER_NUMBER_OBJECT_CONVERSION = YES_AGGRESSIVE;
				CLANG_CXX_LANGUAGE_STANDARD = "gnu++14";
				CLANG_CXX_LIBRARY = "libc++";
				CLANG_ENABLE_MODULES = YES;
				CLANG_ENABLE_OBJC_ARC = YES;
				CLANG_ENABLE_OBJC_WEAK = YES;
				CLANG_WARN_BLOCK_CAPTURE_AUTORELEASING = YES;
				CLANG_WARN_BOOL_CONVERSION = YES;
				CLANG_WARN_COMMA = YES;
				CLANG_WARN_CONSTANT_CONVERSION = YES;
				CLANG_WARN_DEPRECATED_OBJC_IMPLEMENTATIONS = YES;
				CLANG_WARN_DIRECT_OBJC_ISA_USAGE = YES_ERROR;
				CLANG_WARN_DOCUMENTATION_COMMENTS = YES;
				CLANG_WARN_EMPTY_BODY = YES;
				CLANG_WARN_ENUM_CONVERSION = YES;
				CLANG_WARN_INFINITE_RECURSION = YES;
				CLANG_WARN_INT_CONVERSION = YES;
				CLANG_WARN_NON_LITERAL_NULL_CONVERSION = YES;
				CLANG_WARN_OBJC_IMPLICIT_RETAIN_SELF = YES;
				CLANG_WARN_OBJC_LITERAL_CONVERSION = YES;
				CLANG_WARN_OBJC_ROOT_CLASS = YES_ERROR;
				CLANG_WARN_QUOTED_INCLUDE_IN_FRAMEWORK_HEADER = YES;
				CLANG_WARN_RANGE_LOOP_ANALYSIS = YES;
				CLANG_WARN_STRICT_PROTOTYPES = YES;
				CLANG_WARN_SUSPICIOUS_MOVE = YES;
				CLANG_WARN_UNGUARDED_AVAILABILITY = YES_AGGRESSIVE;
				CLANG_WARN_UNREACHABLE_CODE = YES;
				CLANG_WARN__DUPLICATE_METHOD_MATCH = YES;
				COPY_PHASE_STRIP = NO;
				DEBUG_INFORMATION_FORMAT = "dwarf-with-dsym";
				ENABLE_NS_ASSERTIONS = NO;
				ENABLE_STRICT_OBJC_MSGSEND = YES;
				GCC_C_LANGUAGE_STANDARD = gnu11;
				GCC_NO_COMMON_BLOCKS = YES;
				GCC_WARN_64_TO_32_BIT_CONVERSION = YES;
				GCC_WARN_ABOUT_RETURN_TYPE = YES_ERROR;
				GCC_WARN_UNDECLARED_SELECTOR = YES;
				GCC_WARN_UNINITIALIZED_AUTOS = YES_AGGRESSIVE;
				GCC_WARN_UNUSED_FUNCTION = YES;
				GCC_WARN_UNUSED_VARIABLE = YES;
				MACOSX_DEPLOYMENT_TARGET = 13.0;
				MTL_ENABLE_DEBUG_INFO = NO;
				MTL_FAST_MATH = YES;
				SDKROOT = macosx;
				SWIFT_COMPILATION_MODE = wholemodule;
				SWIFT_OPTIMIZATION_LEVEL = "-O";
			};
			name = Release;
		};
		BFD857C2269402BE00E2F423 /* Debug */ = {
			isa = XCBuildConfiguration;
			buildSettings = {
				ASSETCATALOG_COMPILER_APPICON_NAME = AppIcon;
				ASSETCATALOG_COMPILER_GLOBAL_ACCENT_COLOR_NAME = AccentColor;
				CODE_SIGN_ENTITLEMENTS = battakorey/battakorey.entitlements;
				CODE_SIGN_IDENTITY = "-";
				CODE_SIGN_STYLE = Automatic;
				COMBINE_HIDPI_IMAGES = YES;
				CURRENT_PROJECT_VERSION = 42;
				DEVELOPMENT_TEAM = V2WV7J99MS;
				ENABLE_HARDENED_RUNTIME = YES;
				INFOPLIST_FILE = battakorey/Info.plist;
				INFOPLIST_KEY_CFBundleDisplayName = Battakorey;
				INFOPLIST_KEY_LSApplicationCategoryType = "public.app-category.utilities";
				LD_RUNPATH_SEARCH_PATHS = (
					"$(inherited)",
					"@executable_path/../Frameworks",
				);
				MARKETING_VERSION = 2.0.0;
				PRODUCT_BUNDLE_IDENTIFIER = moe.uwucocoa.battakorey;
				PRODUCT_NAME = "$(TARGET_NAME)";
				SWIFT_VERSION = 5.0;
			};
			name = Debug;
		};
		BFD857C3269402BE00E2F423 /* Release */ = {
			isa = XCBuildConfiguration;
			buildSettings = {
				ASSETCATALOG_COMPILER_APPICON_NAME = AppIcon;
				ASSETCATALOG_COMPILER_GLOBAL_ACCENT_COLOR_NAME = AccentColor;
				CODE_SIGN_ENTITLEMENTS = battakorey/battakorey.entitlements;
				CODE_SIGN_IDENTITY = "Apple Development";
				CODE_SIGN_STYLE = Automatic;
				COMBINE_HIDPI_IMAGES = YES;
				CURRENT_PROJECT_VERSION = 42;
				DEVELOPMENT_TEAM = V2WV7J99MS;
				ENABLE_HARDENED_RUNTIME = YES;
				INFOPLIST_FILE = battakorey/Info.plist;
				INFOPLIST_KEY_CFBundleDisplayName = Battakorey;
				INFOPLIST_KEY_LSApplicationCategoryType = "public.app-category.utilities";
				LD_RUNPATH_SEARCH_PATHS = (
					"$(inherited)",
					"@executable_path/../Frameworks",
				);
				MARKETING_VERSION = 2.0.0;
				PRODUCT_BUNDLE_IDENTIFIER = moe.uwucocoa.battakorey;
				PRODUCT_NAME = "$(TARGET_NAME)";
				SWIFT_VERSION = 5.0;
			};
			name = Release;
		};
/* End XCBuildConfiguration section */

/* Begin XCConfigurationList section */
		C00200000000000000000031 /* Build configuration list for PBXNativeTarget "battakoreyTests" */ = {
			isa = XCConfigurationList;
			buildConfigurations = (
				C00200000000000000000032 /* Debug */,
				C00200000000000000000033 /* Release */,
			);
			defaultConfigurationIsVisible = 0;
			defaultConfigurationName = Release;
		};
		BFD857AC269402BD00E2F423 /* Build configuration list for PBXProject "battakorey" */ = {
			isa = XCConfigurationList;
			buildConfigurations = (
				BFD857BF269402BE00E2F423 /* Debug */,
				BFD857C0269402BE00E2F423 /* Release */,
			);
			defaultConfigurationIsVisible = 0;
			defaultConfigurationName = Release;
		};
		BFD857C1269402BE00E2F423 /* Build configuration list for PBXNativeTarget "battakorey" */ = {
			isa = XCConfigurationList;
			buildConfigurations = (
				BFD857C2269402BE00E2F423 /* Debug */,
				BFD857C3269402BE00E2F423 /* Release */,
			);
			defaultConfigurationIsVisible = 0;
			defaultConfigurationName = Release;
		};
/* End XCConfigurationList section */

/* Begin XCRemoteSwiftPackageReference section */
		C00400000000000000000003 /* XCRemoteSwiftPackageReference "flowing-day-ui" */ = {
			isa = XCRemoteSwiftPackageReference;
			repositoryURL = "https://github.com/cocoa-xu/flowing-day-ui";
			requirement = {
				kind = upToNextMajorVersion;
				minimumVersion = 1.1.1;
			};
		};
/* End XCRemoteSwiftPackageReference section */

/* Begin XCSwiftPackageProductDependency section */
		C00400000000000000000001 /* FlowingDaySettings */ = {
			isa = XCSwiftPackageProductDependency;
			package = C00400000000000000000003 /* XCRemoteSwiftPackageReference "flowing-day-ui" */;
			productName = FlowingDaySettings;
		};
/* End XCSwiftPackageProductDependency section */
	};
	rootObject = BFD857A9269402BD00E2F423 /* Project object */;
}
