{
  "originHash" : "2adb92d9176b103ba446476d58c86b75cdb2dff45e85f2dab5de576b8e8737c6",
  "pins" : [
    {
      "identity" : "flowing-day-ui",
      "kind" : "remoteSourceControl",
      "location" : "https://github.com/cocoa-xu/flowing-day-ui",
      "state" : {
        "revision" : "18d68c524ba045cd20d72dae12dc4f950b22a35a",
        "version" : "1.1.1"
      }
    }
  ],
  "version" : 3
}
